
Microsoft Visual Studio Solution File, Format Version 12.00
# Visual Studio Version 16
VisualStudioVersion = 16.0.34601.136
MinimumVisualStudioVersion = 10.0.40219.1
Project("{FAE04EC0-301F-11D3-BF4B-00C04F79EFBC}") = "Ocr01", "Ocr01\Ocr01.csproj", "{AAD619B3-5C97-4B10-9BEB-6C336BC5B61D}"
EndProject
Global
	GlobalSection(SolutionConfigurationPlatforms) = preSolution
		Debug|Any CPU = Debug|Any CPU
		Release|Any CPU = Release|Any CPU
	EndGlobalSection
	GlobalSection(ProjectConfigurationPlatforms) = postSolution
		{AAD619B3-5C97-4B10-9BEB-6C336BC5B61D}.Debug|Any CPU.ActiveCfg = Debug|Any CPU
		{AAD619B3-5C97-4B10-9BEB-6C336BC5B61D}.Debug|Any CPU.Build.0 = Debug|Any CPU
		{AAD619B3-5C97-4B10-9BEB-6C336BC5B61D}.Release|Any CPU.ActiveCfg = Release|Any CPU
		{AAD619B3-5C97-4B10-9BEB-6C336BC5B61D}.Release|Any CPU.Build.0 = Release|Any CPU
	EndGlobalSection
	GlobalSection(SolutionProperties) = preSolution
		HideSolutionNode = FALSE
	EndGlobalSection
	GlobalSection(ExtensibilityGlobals) = postSolution
		SolutionGuid = {0232A9E7-34B9-4CF6-A57B-41EB4933E7A1}
	EndGlobalSection
EndGlobal
